{"format_version":"1.0","provider_schemas":{"registry.terraform.io/redislabs/rediscloud":{"provider":{"version":0,"block":{"attributes":{"api_key":{"type":"string","description":"This is the Redis Cloud API key. It must be provided but can also be set by the `REDISCLOUD_ACCESS_KEY` environment variable.","description_kind":"markdown","optional":true},"secret_key":{"type":"string","description":"This is the Redis Cloud API secret key. It must be provided but can also be set by the `REDISCLOUD_SECRET_KEY` environment variable.","description_kind":"markdown","optional":true},"url":{"type":"string","description":"This is the URL of Redis Cloud and will default to `https://api.redislabs.com/v1`. This can also be set by the `REDISCLOUD_URL` environment variable.","description_kind":"markdown","optional":true}},"description_kind":"plain"}},"resource_schemas":{"rediscloud_cloud_account":{"version":0,"block":{"attributes":{"access_key_id":{"type":"string","description":"Cloud provider access key","description_kind":"markdown","required":true},"access_secret_key":{"type":"string","description":"Cloud provider secret key","description_kind":"markdown","required":true,"sensitive":true},"console_password":{"type":"string","description":"Cloud provider management console password","description_kind":"markdown","required":true,"sensitive":true},"console_username":{"type":"string","description":"Cloud provider management console username","description_kind":"markdown","required":true},"id":{"type":"string","description_kind":"plain","optional":true,"computed":true},"name":{"type":"string","description":"Display name of the account","description_kind":"markdown","required":true},"provider_type":{"type":"string","description":"Cloud provider type - either `AWS` or `GCP`","description_kind":"markdown","required":true},"sign_in_login_url":{"type":"string","description":"Cloud provider management console login URL","description_kind":"markdown","required":true},"status":{"type":"string","description":"The current status of the account - `draft`, `pending` or `active`","description_kind":"markdown","computed":true}},"block_types":{"timeouts":{"nesting_mode":"single","block":{"attributes":{"create":{"type":"string","description_kind":"plain","optional":true},"delete":{"type":"string","description_kind":"plain","optional":true},"read":{"type":"string","description_kind":"plain","optional":true},"update":{"type":"string","description_kind":"plain","optional":true}},"description_kind":"plain"}}},"description":"Creates a Cloud Account resource representing the access credentials to a cloud provider account, (`AWS` or `GCP`). Your Redis Enterprise Cloud account uses these credentials to provision databases within your infrastructure. ","description_kind":"markdown"}},"rediscloud_subscription":{"version":0,"block":{"attributes":{"id":{"type":"string","description_kind":"plain","optional":true,"computed":true},"memory_storage":{"type":"string","description":"Memory storage preference: either ‘ram’ or a combination of 'ram-and-flash’","description_kind":"markdown","optional":true},"name":{"type":"string","description":"A meaningful name to identify the subscription","description_kind":"markdown","optional":true},"payment_method_id":{"type":"string","description":"A valid payment method pre-defined in the current account","description_kind":"markdown","optional":true,"computed":true},"persistent_storage_encryption":{"type":"bool","description":"Encrypt data stored in persistent storage. Required for a GCP subscription","description_kind":"markdown","optional":true}},"block_types":{"allowlist":{"nesting_mode":"list","block":{"attributes":{"cidrs":{"type":["set","string"],"description":"Set of CIDR ranges that are allowed to access the databases associated with this subscription","description_kind":"markdown","optional":true},"security_group_ids":{"type":["set","string"],"description":"Set of security groups that are allowed to access the databases associated with this subscription","description_kind":"markdown","optional":true}},"description":"An allowlist object","description_kind":"markdown"},"max_items":1},"cloud_provider":{"nesting_mode":"list","block":{"attributes":{"cloud_account_id":{"type":"string","description":"Cloud account identifier. Default: Redis Labs internal cloud account (using Cloud Account Id = 1 implies using Redis Labs internal cloud account). Note that a GCP subscription can be created only with Redis Labs internal cloud account","description_kind":"markdown","optional":true},"provider":{"type":"string","description":"The cloud provider to use with the subscription, (either `AWS` or `GCP`)","description_kind":"markdown","optional":true}},"block_types":{"region":{"nesting_mode":"set","block":{"attributes":{"multiple_availability_zones":{"type":"bool","description":"Support deployment on multiple availability zones within the selected region","description_kind":"markdown","optional":true},"networking_deployment_cidr":{"type":"string","description":"Deployment CIDR mask","description_kind":"markdown","required":true},"networking_vpc_id":{"type":"string","description":"Either an existing VPC Id (already exists in the specific region) or create a new VPC (if no VPC is specified)","description_kind":"markdown","optional":true},"networks":{"type":["list",["object",{"networking_deployment_cidr":"string","networking_subnet_id":"string","networking_vpc_id":"string"}]],"description":"List of networks used","description_kind":"markdown","computed":true},"preferred_availability_zones":{"type":["list","string"],"description":"List of availability zones used","description_kind":"markdown","required":true},"region":{"type":"string","description":"Deployment region as defined by cloud provider","description_kind":"markdown","required":true}},"description":"Cloud networking details, per region (single region or multiple regions for Active-Active cluster only)","description_kind":"markdown"},"min_items":1}},"description":"A cloud provider object","description_kind":"markdown"},"min_items":1,"max_items":1},"database":{"nesting_mode":"set","block":{"attributes":{"average_item_size_in_bytes":{"type":"number","description":"Relevant only to ram-and-flash clusters. Estimated average size (measured in bytes) of the items stored in the database","description_kind":"markdown","optional":true},"client_ssl_certificate":{"type":"string","description":"SSL certificate to authenticate user connections","description_kind":"markdown","optional":true},"data_persistence":{"type":"string","description":"Rate of database data persistence (in persistent storage)","description_kind":"markdown","optional":true},"db_id":{"type":"number","description":"Identifier of the database created","description_kind":"markdown","computed":true},"enable_tls":{"type":"bool","description":"Use TLS for authentication","description_kind":"markdown","optional":true},"external_endpoint_for_oss_cluster_api":{"type":"bool","description":"Should use the external endpoint for open-source (OSS) Cluster API","description_kind":"markdown","optional":true},"hashing_policy":{"type":["list","string"],"description":"List of regular expression rules to shard the database by. See the documentation on clustering for more information on the hashing policy - https://docs.redislabs.com/latest/rc/concepts/clustering/","description_kind":"markdown","optional":true},"memory_limit_in_gb":{"type":"number","description":"Maximum memory usage for this specific database","description_kind":"markdown","required":true},"name":{"type":"string","description":"A meaningful name to identify the database","description_kind":"markdown","required":true},"password":{"type":"string","description":"Password used to access the database","description_kind":"markdown","required":true,"sensitive":true},"periodic_backup_path":{"type":"string","description":"Path that will be used to store database backup files","description_kind":"markdown","optional":true},"private_endpoint":{"type":"string","description":"Private endpoint to access the database","description_kind":"markdown","computed":true},"protocol":{"type":"string","description":"The protocol that will be used to access the database, (either ‘redis’ or 'memcached’) ","description_kind":"markdown","required":true},"public_endpoint":{"type":"string","description":"Public endpoint to access the database","description_kind":"markdown","computed":true},"replica_of":{"type":["set","string"],"description":"Set of Redis database URIs, in the format `redis://user:password@host:port`, that this database will be a replica of. If the URI provided is Redis Labs Cloud instance, only host and port should be provided","description_kind":"markdown","optional":true},"replication":{"type":"bool","description":"Databases replication","description_kind":"markdown","optional":true},"source_ips":{"type":["set","string"],"description":"Set of CIDR addresses to allow access to the database","description_kind":"markdown","optional":true},"support_oss_cluster_api":{"type":"bool","description":"Support Redis open-source (OSS) Cluster API","description_kind":"markdown","optional":true},"throughput_measurement_by":{"type":"string","description":"Throughput measurement method, (either ‘number-of-shards’ or ‘operations-per-second’)","description_kind":"markdown","required":true},"throughput_measurement_value":{"type":"number","description":"Throughput value (as applies to selected measurement method)","description_kind":"markdown","required":true}},"block_types":{"alert":{"nesting_mode":"set","block":{"attributes":{"name":{"type":"string","description":"Alert name","description_kind":"markdown","required":true},"value":{"type":"number","description":"Alert value","description_kind":"markdown","required":true}},"description":"Set of alerts to enable on the database","description_kind":"markdown"}},"module":{"nesting_mode":"list","block":{"attributes":{"name":{"type":"string","description":"Name of the module to enable","description_kind":"markdown","required":true}},"description":"A module object","description_kind":"markdown"},"max_items":1}},"description":"A database object","description_kind":"markdown"},"min_items":1},"timeouts":{"nesting_mode":"single","block":{"attributes":{"create":{"type":"string","description_kind":"plain","optional":true},"delete":{"type":"string","description_kind":"plain","optional":true},"read":{"type":"string","description_kind":"plain","optional":true},"update":{"type":"string","description_kind":"plain","optional":true}},"description_kind":"plain"}}},"description":"Creates a Subscription and database resources within your Redis Enterprise Cloud Account.","description_kind":"markdown"}},"rediscloud_subscription_peering":{"version":0,"block":{"attributes":{"aws_account_id":{"type":"string","description":"AWS account id that the VPC to be peered lives in","description_kind":"markdown","optional":true,"computed":true},"aws_peering_id":{"type":"string","description":"Identifier of the AWS cloud peering","description_kind":"markdown","computed":true},"gcp_network_name":{"type":"string","description":"The name of the network to be peered","description_kind":"markdown","optional":true,"computed":true},"gcp_peering_id":{"type":"string","description":"Identifier of the cloud peering","description_kind":"markdown","computed":true},"gcp_project_id":{"type":"string","description":"GCP project ID that the VPC to be peered lives in","description_kind":"markdown","optional":true,"computed":true},"gcp_redis_network_name":{"type":"string","description":"The name of the Redis Enterprise Cloud network to be peered","description_kind":"markdown","computed":true},"gcp_redis_project_id":{"type":"string","description":"Identifier of the Redis Enterprise Cloud GCP project to be peered","description_kind":"markdown","computed":true},"id":{"type":"string","description_kind":"plain","optional":true,"computed":true},"provider_name":{"type":"string","description":"The cloud provider to use with the vpc peering, (either `AWS` or `GCP`)","description_kind":"markdown","optional":true},"region":{"type":"string","description":"AWS Region that the VPC to be peered lives in","description_kind":"markdown","optional":true,"computed":true},"status":{"type":"string","description":"Current status of the account - `initiating-request`, `pending-acceptance`, `active`, `inactive` or `failed`","description_kind":"markdown","computed":true},"subscription_id":{"type":"string","description":"A valid subscription predefined in the current account","description_kind":"markdown","required":true},"vpc_cidr":{"type":"string","description":"CIDR range of the VPC to be peered","description_kind":"markdown","optional":true,"computed":true},"vpc_id":{"type":"string","description":"Identifier of the VPC to be peered","description_kind":"markdown","optional":true,"computed":true}},"block_types":{"timeouts":{"nesting_mode":"single","block":{"attributes":{"create":{"type":"string","description_kind":"plain","optional":true},"delete":{"type":"string","description_kind":"plain","optional":true},"read":{"type":"string","description_kind":"plain","optional":true}},"description_kind":"plain"}}},"description":"Creates an AWS VPC peering for an existing Redis Enterprise Cloud Subscription, allowing access to your subscription databases as if they were on the same network.","description_kind":"markdown"}}},"data_source_schemas":{"rediscloud_cloud_account":{"version":0,"block":{"attributes":{"access_key_id":{"type":"string","description":"The access key ID associated with the cloud account","description_kind":"markdown","computed":true},"exclude_internal_account":{"type":"bool","description":"Whether to exclude the Redis Labs internal cloud account.","description_kind":"markdown","optional":true},"id":{"type":"string","description_kind":"plain","optional":true,"computed":true},"name":{"type":"string","description":"A meaningful name to identify the cloud account","description_kind":"markdown","optional":true,"computed":true},"provider_type":{"type":"string","description":"The cloud provider of the cloud account, (either `AWS` or `GCP`)","description_kind":"markdown","optional":true,"computed":true}},"description":"The Cloud Account data source allows access to the ID of a Cloud Account configuration.  This ID can be used when creating Subscription resources.","description_kind":"markdown"}},"rediscloud_data_persistence":{"version":0,"block":{"attributes":{"data_persistence":{"type":["set",["object",{"description":"string","name":"string"}]],"description":"A list of data persistence option that can be applied to subscription databases","description_kind":"markdown","computed":true},"id":{"type":"string","description_kind":"plain","optional":true,"computed":true}},"description":"The data persistence data source allows access to a list of supported data persistence options.  Each option represents the rate at which a database will persist its data to storage.","description_kind":"markdown"}},"rediscloud_database":{"version":0,"block":{"attributes":{"alert":{"type":["set",["object",{"name":"string","value":"number"}]],"description":"Set of alerts to enable on the database","description_kind":"markdown","computed":true},"data_persistence":{"type":"string","description":"The rate of database data persistence (in persistent storage)","description_kind":"markdown","computed":true},"hashing_policy":{"type":["list","string"],"description":"The list of regular expression rules the database is sharded by","description_kind":"markdown","computed":true},"id":{"type":"string","description_kind":"plain","optional":true,"computed":true},"memory_limit_in_gb":{"type":"number","description":"The maximum memory usage for the database","description_kind":"markdown","computed":true},"module":{"type":["set",["object",{"name":"string"}]],"description":"Redis modules that have been enabled on the database","description_kind":"markdown","computed":true},"name":{"type":"string","description":"The name of the database to filter returned databases","description_kind":"markdown","optional":true,"computed":true},"password":{"type":"string","description":"The password used to access the database - not present on `memcached` protocol databases","description_kind":"markdown","computed":true,"sensitive":true},"private_endpoint":{"type":"string","description":"Private endpoint to access the database","description_kind":"markdown","computed":true},"protocol":{"type":"string","description":"The protocol of the database to filter returned databases","description_kind":"markdown","optional":true,"computed":true},"public_endpoint":{"type":"string","description":"Public endpoint to access the database","description_kind":"markdown","computed":true},"region":{"type":"string","description":"The region of the database to filter returned databases","description_kind":"markdown","optional":true,"computed":true},"replica_of":{"type":["set","string"],"description":"The set of Redis database URIs, in the format `redis://user:password@host:port`, that this database will be a replica of","description_kind":"markdown","computed":true},"replication":{"type":"bool","description":"Database replication","description_kind":"markdown","computed":true},"subscription_id":{"type":"string","description":"ID of the subscription that the database belongs to","description_kind":"markdown","required":true},"support_oss_cluster_api":{"type":"bool","description":"Supports the Redis open-source (OSS) Cluster API","description_kind":"markdown","computed":true},"throughput_measurement_by":{"type":"string","description":"The throughput measurement method","description_kind":"markdown","computed":true},"throughput_measurement_value":{"type":"number","description":"The throughput value","description_kind":"markdown","computed":true}},"description":"The Database data source allows access to the details of an existing database within your Redis Enterprise Cloud account.","description_kind":"markdown"}},"rediscloud_database_modules":{"version":0,"block":{"attributes":{"id":{"type":"string","description_kind":"plain","optional":true,"computed":true},"modules":{"type":["set",["object",{"description":"string","name":"string"}]],"description":"A list of database modules","description_kind":"markdown","computed":true}},"description":"The Database data source allows access to the details of an existing database within your Redis Enterprise Cloud account.","description_kind":"markdown"}},"rediscloud_payment_method":{"version":0,"block":{"attributes":{"card_type":{"type":"string","description":"Type of card that the payment method should be, such as `Visa`","description_kind":"markdown","optional":true,"computed":true},"exclude_expired":{"type":"bool","description":"Whether to exclude any expired cards or not","description_kind":"markdown","optional":true},"id":{"type":"string","description_kind":"plain","optional":true,"computed":true},"last_four_numbers":{"type":"string","description":"Last four numbers of the card of the payment method","description_kind":"markdown","optional":true,"computed":true}},"description":"The Payment Method data source allows access to the ID of a Payment Method configured against your Redis Enterprise Cloud account. This ID can be used when creating Subscription resources.","description_kind":"markdown"}},"rediscloud_regions":{"version":0,"block":{"attributes":{"id":{"type":"string","description_kind":"plain","optional":true,"computed":true},"provider_name":{"type":"string","description":"The name of the cloud provider to filter returned regions, (accepted values are `AWS` or `GCP`).","description_kind":"markdown","optional":true},"regions":{"type":["set",["object",{"name":"string","provider_name":"string"}]],"description":"A list of regions from either a single or multiple cloud providers","description_kind":"markdown","computed":true}},"description":"The Regions data source allows access to a list of supported cloud provider regions. These regions can be used with the subscription resource.","description_kind":"markdown"}},"rediscloud_subscription":{"version":0,"block":{"attributes":{"cloud_provider":{"type":["list",["object",{"cloud_account_id":"string","provider":"string","region":["set",["object",{"multiple_availability_zones":"bool","networking_vpc_id":"string","networks":["list",["object",{"networking_deployment_cidr":"string","networking_subnet_id":"string","networking_vpc_id":"string"}]],"preferred_availability_zones":["list","string"],"region":"string"}]]}]],"description":"A cloud provider object","description_kind":"markdown","computed":true},"id":{"type":"string","description_kind":"plain","optional":true,"computed":true},"memory_storage":{"type":"string","description":"Memory storage preference: either ‘ram’ or a combination of 'ram-and-flash’","description_kind":"markdown","computed":true},"name":{"type":"string","description":"The name of the subscription to filter returned subscriptions","description_kind":"markdown","optional":true,"computed":true},"number_of_databases":{"type":"number","description":"The number of databases that are linked to this subscription","description_kind":"markdown","computed":true},"payment_method_id":{"type":"string","description":"A valid payment method pre-defined in the current account","description_kind":"markdown","computed":true},"persistent_storage_encryption":{"type":"bool","description":"Encrypt data stored in persistent storage. Required for a GCP subscription","description_kind":"markdown","computed":true},"status":{"type":"string","description":"Current status of the subscription","description_kind":"markdown","computed":true}},"description":"The Subscription data source allows access to the details of an existing subscription within your Redis Enterprise Cloud account.","description_kind":"markdown"}},"rediscloud_subscription_peerings":{"version":0,"block":{"attributes":{"id":{"type":"string","description_kind":"plain","optional":true,"computed":true},"peerings":{"type":["set",["object",{"aws_account_id":"string","aws_peering_id":"string","gcp_network_name":"string","gcp_peering_id":"string","gcp_project_id":"string","gcp_redis_network_name":"string","gcp_redis_project_id":"string","peering_id":"number","provider_name":"string","status":"string","vpc_cidr":"string","vpc_id":"string"}]],"description":"A list of VPC peerings from either a single or multiple cloud providers","description_kind":"markdown","computed":true},"status":{"type":"string","description":"Current status of the account - `initiating-request`, `pending-acceptance`, `active`, `inactive` or `failed`","description_kind":"markdown","optional":true},"subscription_id":{"type":"string","description":"A valid subscription predefined in the current account","description_kind":"markdown","required":true}},"description":"The Subscription Peerings data source allows access to a list of VPC peerings configured on the subscription.","description_kind":"markdown"}}}}}}
